
Microsoft Visual Studio Solution File, Format Version 12.00
# Visual Studio Version 16
VisualStudioVersion = 16.0.29215.179
MinimumVisualStudioVersion = 10.0.40219.1
Project("{FAE04EC0-301F-11D3-BF4B-00C04F79EFBC}") = "OnboardingProject", "OnboardingProject\OnboardingProject.csproj", "{BBF3CDDA-618F-48AA-A50C-D28712B23B49}"
EndProject
Global
	GlobalSection(SolutionConfigurationPlatforms) = preSolution
		Debug|Any CPU = Debug|Any CPU
		Release|Any CPU = Release|Any CPU
	EndGlobalSection
	GlobalSection(ProjectConfigurationPlatforms) = postSolution
		{BBF3CDDA-618F-48AA-A50C-D28712B23B49}.Debug|Any CPU.ActiveCfg = Debug|Any CPU
		{BBF3CDDA-618F-48AA-A50C-D28712B23B49}.Debug|Any CPU.Build.0 = Debug|Any CPU
		{BBF3CDDA-618F-48AA-A50C-D28712B23B49}.Release|Any CPU.ActiveCfg = Release|Any CPU
		{BBF3CDDA-618F-48AA-A50C-D28712B23B49}.Release|Any CPU.Build.0 = Release|Any CPU
	EndGlobalSection
	GlobalSection(SolutionProperties) = preSolution
		HideSolutionNode = FALSE
	EndGlobalSection
	GlobalSection(ExtensibilityGlobals) = postSolution
		SolutionGuid = {240ACAD5-9FBE-469B-B354-967675E3F8C8}
	EndGlobalSection
EndGlobal
